<Solution>
  <Configurations>
    <Platform Name="x64" />
  </Configurations>
  <Project Path="ExploreAvalonia.Tests\ExploreAvalonia.Tests.csproj" Type="Classic C#">
    <Configuration Solution="Debug|x64" Project="Debug|Any CPU" />
    <Configuration Solution="Release|x64" Project="Release|Any CPU" />
  </Project>
  <Project Path="ExploreAvalonia/ExploreAvalonia.csproj" />
</Solution>